
Microsoft Visual Studio Solution File, Format Version 12.00
# Visual Studio Version 16
VisualStudioVersion = 16.0.31205.134
MinimumVisualStudioVersion = 10.0.40219.1
Project("{9A19103F-16F7-4668-BE54-9A1E7A4F7556}") = "MyWebServer.App", "MyWebServer.App\MyWebServer.App.csproj", "{1DAFE343-AB8B-457C-BB6D-2B778171D37F}"
EndProject
Project("{9A19103F-16F7-4668-BE54-9A1E7A4F7556}") = "MyWebServer", "MyWebServer\MyWebServer.csproj", "{7DBDA0C8-6A18-4F46-9496-4292F53E9BA2}"
EndProject
Global
	GlobalSection(SolutionConfigurationPlatforms) = preSolution
		Debug|Any CPU = Debug|Any CPU
		Release|Any CPU = Release|Any CPU
	EndGlobalSection
	GlobalSection(ProjectConfigurationPlatforms) = postSolution
		{1DAFE343-AB8B-457C-BB6D-2B778171D37F}.Debug|Any CPU.ActiveCfg = Debug|Any CPU
		{1DAFE343-AB8B-457C-BB6D-2B778171D37F}.Debug|Any CPU.Build.0 = Debug|Any CPU
		{1DAFE343-AB8B-457C-BB6D-2B778171D37F}.Release|Any CPU.ActiveCfg = Release|Any CPU
		{1DAFE343-AB8B-457C-BB6D-2B778171D37F}.Release|Any CPU.Build.0 = Release|Any CPU
		{7DBDA0C8-6A18-4F46-9496-4292F53E9BA2}.Debug|Any CPU.ActiveCfg = Debug|Any CPU
		{7DBDA0C8-6A18-4F46-9496-4292F53E9BA2}.Debug|Any CPU.Build.0 = Debug|Any CPU
		{7DBDA0C8-6A18-4F46-9496-4292F53E9BA2}.Release|Any CPU.ActiveCfg = Release|Any CPU
		{7DBDA0C8-6A18-4F46-9496-4292F53E9BA2}.Release|Any CPU.Build.0 = Release|Any CPU
	EndGlobalSection
	GlobalSection(SolutionProperties) = preSolution
		HideSolutionNode = FALSE
	EndGlobalSection
	GlobalSection(ExtensibilityGlobals) = postSolution
		SolutionGuid = {B9218E3C-82C9-46BF-8569-4C5DC669BB3B}
	EndGlobalSection
EndGlobal
