
Microsoft Visual Studio Solution File, Format Version 12.00
# Visual Studio Version 16
VisualStudioVersion = 16.0.31205.134
MinimumVisualStudioVersion = 10.0.40219.1
Project("{9A19103F-16F7-4668-BE54-9A1E7A4F7556}") = "MyWebServer", "MyWebServer\MyWebServer.csproj", "{7DBDA0C8-6A18-4F46-9496-4292F53E9BA2}"
EndProject
Project("{9A19103F-16F7-4668-BE54-9A1E7A4F7556}") = "CarShop", "CarShop\CarShop.csproj", "{A0BA581B-CD86-49C8-BD4E-350F70C3DEF5}"
EndProject
Project("{FAE04EC0-301F-11D3-BF4B-00C04F79EFBC}") = "Git", "Git\Git.csproj", "{98A5C988-F6ED-4BEC-8273-D667109FA025}"
EndProject
Global
	GlobalSection(SolutionConfigurationPlatforms) = preSolution
		Debug|Any CPU = Debug|Any CPU
		Release|Any CPU = Release|Any CPU
	EndGlobalSection
	GlobalSection(ProjectConfigurationPlatforms) = postSolution
		{7DBDA0C8-6A18-4F46-9496-4292F53E9BA2}.Debug|Any CPU.ActiveCfg = Debug|Any CPU
		{7DBDA0C8-6A18-4F46-9496-4292F53E9BA2}.Debug|Any CPU.Build.0 = Debug|Any CPU
		{7DBDA0C8-6A18-4F46-9496-4292F53E9BA2}.Release|Any CPU.ActiveCfg = Release|Any CPU
		{7DBDA0C8-6A18-4F46-9496-4292F53E9BA2}.Release|Any CPU.Build.0 = Release|Any CPU
		{A0BA581B-CD86-49C8-BD4E-350F70C3DEF5}.Debug|Any CPU.ActiveCfg = Debug|Any CPU
		{A0BA581B-CD86-49C8-BD4E-350F70C3DEF5}.Debug|Any CPU.Build.0 = Debug|Any CPU
		{A0BA581B-CD86-49C8-BD4E-350F70C3DEF5}.Release|Any CPU.ActiveCfg = Release|Any CPU
		{A0BA581B-CD86-49C8-BD4E-350F70C3DEF5}.Release|Any CPU.Build.0 = Release|Any CPU
		{98A5C988-F6ED-4BEC-8273-D667109FA025}.Debug|Any CPU.ActiveCfg = Debug|Any CPU
		{98A5C988-F6ED-4BEC-8273-D667109FA025}.Debug|Any CPU.Build.0 = Debug|Any CPU
		{98A5C988-F6ED-4BEC-8273-D667109FA025}.Release|Any CPU.ActiveCfg = Release|Any CPU
		{98A5C988-F6ED-4BEC-8273-D667109FA025}.Release|Any CPU.Build.0 = Release|Any CPU
	EndGlobalSection
	GlobalSection(SolutionProperties) = preSolution
		HideSolutionNode = FALSE
	EndGlobalSection
	GlobalSection(ExtensibilityGlobals) = postSolution
		SolutionGuid = {B9218E3C-82C9-46BF-8569-4C5DC669BB3B}
	EndGlobalSection
EndGlobal
